
Microsoft Visual Studio Solution File, Format Version 12.00
# Visual Studio 14
VisualStudioVersion = 14.0.25420.1
MinimumVisualStudioVersion = 10.0.40219.1
Project("{FAE04EC0-301F-11D3-BF4B-00C04F79EFBC}") = "Boyum IT code challenge", "Boyum IT code challenge\Boyum IT code challenge.csproj", "{B45A61C6-1D79-4631-B270-2EE7D5EBF85E}"
EndProject
Global
	GlobalSection(SolutionConfigurationPlatforms) = preSolution
		Debug|Any CPU = Debug|Any CPU
		Release|Any CPU = Release|Any CPU
	EndGlobalSection
	GlobalSection(ProjectConfigurationPlatforms) = postSolution
		{B45A61C6-1D79-4631-B270-2EE7D5EBF85E}.Debug|Any CPU.ActiveCfg = Debug|Any CPU
		{B45A61C6-1D79-4631-B270-2EE7D5EBF85E}.Debug|Any CPU.Build.0 = Debug|Any CPU
		{B45A61C6-1D79-4631-B270-2EE7D5EBF85E}.Release|Any CPU.ActiveCfg = Release|Any CPU
		{B45A61C6-1D79-4631-B270-2EE7D5EBF85E}.Release|Any CPU.Build.0 = Release|Any CPU
	EndGlobalSection
	GlobalSection(SolutionProperties) = preSolution
		HideSolutionNode = FALSE
	EndGlobalSection
EndGlobal
